// !$*UTF8*$!
{
	archiveVersion = 1;
	classes = {
	};
	objectVersion = 51;
	objects = {

/* Begin PBXBuildFile section */
		5F48B5D964D75D321F086872 /* Pods_SNS.framework in Frameworks */ = {isa = PBXBuildFile; fileRef = 6047FE320AD6C91169C3F5F7 /* Pods_SNS.framework */; };
		DE3E7A2A253441E700CD3761 /* Database.swift in Sources */ = {isa = PBXBuildFile; fileRef = DE3E7A29253441E700CD3761 /* Database.swift */; };
		DE3E7A2C253442AC00CD3761 /* AuthManager.swift in Sources */ = {isa = PBXBuildFile; fileRef = DE3E7A2B253442AC00CD3761 /* AuthManager.swift */; };
		DE3E7A2E253442FE00CD3761 /* StroageManger.swift in Sources */ = {isa = PBXBuildFile; fileRef = DE3E7A2D253442FE00CD3761 /* StroageManger.swift */; };
		DE7E5F24253445A900748899 /* Extensions.swift in Sources */ = {isa = PBXBuildFile; fileRef = DE7E5F23253445A900748899 /* Extensions.swift */; };
		DE804188253584ED004C7381 /* IGFeedPostTableViewCell.swift in Sources */ = {isa = PBXBuildFile; fileRef = DE804187253584ED004C7381 /* IGFeedPostTableViewCell.swift */; };
		DE80418B253585DC004C7381 /* IGFeedPostHeaderTableViewCell.swift in Sources */ = {isa = PBXBuildFile; fileRef = DE80418A253585DC004C7381 /* IGFeedPostHeaderTableViewCell.swift */; };
		DE80418D25358608004C7381 /* IGFeedPostActionsTableViewCell.swift in Sources */ = {isa = PBXBuildFile; fileRef = DE80418C25358608004C7381 /* IGFeedPostActionsTableViewCell.swift */; };
		DE80418F2535862A004C7381 /* IGFeedPostGeneralTableViewCell.swift in Sources */ = {isa = PBXBuildFile; fileRef = DE80418E2535862A004C7381 /* IGFeedPostGeneralTableViewCell.swift */; };
		DE8041912535E1A4004C7381 /* FormTableViewCell.swift in Sources */ = {isa = PBXBuildFile; fileRef = DE8041902535E1A4004C7381 /* FormTableViewCell.swift */; };
		DE8041942535E83A004C7381 /* PhotoCollectionViewCell.swift in Sources */ = {isa = PBXBuildFile; fileRef = DE8041932535E83A004C7381 /* PhotoCollectionViewCell.swift */; };
		DE8041962535E886004C7381 /* ProfileInfoHeaderCollectionReusableView.swift in Sources */ = {isa = PBXBuildFile; fileRef = DE8041952535E886004C7381 /* ProfileInfoHeaderCollectionReusableView.swift */; };
		DE8041982535E8A7004C7381 /* ProfileTabsCollectionReusableView.swift in Sources */ = {isa = PBXBuildFile; fileRef = DE8041972535E8A7004C7381 /* ProfileTabsCollectionReusableView.swift */; };
		DEE9C17E253432170030C0E7 /* AppDelegate.swift in Sources */ = {isa = PBXBuildFile; fileRef = DEE9C17D253432170030C0E7 /* AppDelegate.swift */; };
		DEE9C180253432170030C0E7 /* SceneDelegate.swift in Sources */ = {isa = PBXBuildFile; fileRef = DEE9C17F253432170030C0E7 /* SceneDelegate.swift */; };
		DEE9C182253432170030C0E7 /* HomeViewController.swift in Sources */ = {isa = PBXBuildFile; fileRef = DEE9C181253432170030C0E7 /* HomeViewController.swift */; };
		DEE9C185253432170030C0E7 /* Main.storyboard in Resources */ = {isa = PBXBuildFile; fileRef = DEE9C183253432170030C0E7 /* Main.storyboard */; };
		DEE9C187253432170030C0E7 /* Assets.xcassets in Resources */ = {isa = PBXBuildFile; fileRef = DEE9C186253432170030C0E7 /* Assets.xcassets */; };
		DEE9C18A253432170030C0E7 /* LaunchScreen.storyboard in Resources */ = {isa = PBXBuildFile; fileRef = DEE9C188253432170030C0E7 /* LaunchScreen.storyboard */; };
		DEE9C197253432BB0030C0E7 /* ExploreViewController.swift in Sources */ = {isa = PBXBuildFile; fileRef = DEE9C196253432BB0030C0E7 /* ExploreViewController.swift */; };
		DEE9C19A253432E10030C0E7 /* CameraViewController.swift in Sources */ = {isa = PBXBuildFile; fileRef = DEE9C199253432E10030C0E7 /* CameraViewController.swift */; };
		DEE9C19C253432FE0030C0E7 /* NotificationsViewController.swift in Sources */ = {isa = PBXBuildFile; fileRef = DEE9C19B253432FE0030C0E7 /* NotificationsViewController.swift */; };
		DEE9C19E2534330F0030C0E7 /* ProfileViewController.swift in Sources */ = {isa = PBXBuildFile; fileRef = DEE9C19D2534330F0030C0E7 /* ProfileViewController.swift */; };
		DEE9C1A3253433A50030C0E7 /* RegistrationViewController.swift in Sources */ = {isa = PBXBuildFile; fileRef = DEE9C1A2253433A50030C0E7 /* RegistrationViewController.swift */; };
		DEE9C1A5253433D20030C0E7 /* PostViewController.swift in Sources */ = {isa = PBXBuildFile; fileRef = DEE9C1A4253433D20030C0E7 /* PostViewController.swift */; };
		DEE9C1A7253433F60030C0E7 /* EditProfileViewController.swift in Sources */ = {isa = PBXBuildFile; fileRef = DEE9C1A6253433F60030C0E7 /* EditProfileViewController.swift */; };
		DEE9C1A9253434000030C0E7 /* SettingViewController.swift in Sources */ = {isa = PBXBuildFile; fileRef = DEE9C1A8253434000030C0E7 /* SettingViewController.swift */; };
		DEE9C1AB2534340D0030C0E7 /* ListViewController.swift in Sources */ = {isa = PBXBuildFile; fileRef = DEE9C1AA2534340D0030C0E7 /* ListViewController.swift */; };
		DEE9C1AD2534341C0030C0E7 /* SearchViewController.swift in Sources */ = {isa = PBXBuildFile; fileRef = DEE9C1AC2534341C0030C0E7 /* SearchViewController.swift */; };
		DEE9C1AF253434300030C0E7 /* SearchResultViewController.swift in Sources */ = {isa = PBXBuildFile; fileRef = DEE9C1AE253434300030C0E7 /* SearchResultViewController.swift */; };
		DEE9C1B1253434510030C0E7 /* PostEditorViewController.swift in Sources */ = {isa = PBXBuildFile; fileRef = DEE9C1B0253434510030C0E7 /* PostEditorViewController.swift */; };
		DEE9C1B3253434620030C0E7 /* PublishPostViewController.swift in Sources */ = {isa = PBXBuildFile; fileRef = DEE9C1B2253434620030C0E7 /* PublishPostViewController.swift */; };
		DEE9C1B525343F120030C0E7 /* GoogleService-Info.plist in Resources */ = {isa = PBXBuildFile; fileRef = DEE9C1B425343F120030C0E7 /* GoogleService-Info.plist */; };
		DEEBADA42534405900D8A533 /* LoginViewController.swift in Sources */ = {isa = PBXBuildFile; fileRef = DEEBADA32534405900D8A533 /* LoginViewController.swift */; };
/* End PBXBuildFile section */

/* Begin PBXFileReference section */
		6047FE320AD6C91169C3F5F7 /* Pods_SNS.framework */ = {isa = PBXFileReference; explicitFileType = wrapper.framework; includeInIndex = 0; path = Pods_SNS.framework; sourceTree = BUILT_PRODUCTS_DIR; };
		98749884D54F7D0764CFEEA1 /* Pods-SNS.release.xcconfig */ = {isa = PBXFileReference; includeInIndex = 1; lastKnownFileType = text.xcconfig; name = "Pods-SNS.release.xcconfig"; path = "Target Support Files/Pods-SNS/Pods-SNS.release.xcconfig"; sourceTree = "<group>"; };
		C984D0059433B85623D62957 /* Pods-SNS.debug.xcconfig */ = {isa = PBXFileReference; includeInIndex = 1; lastKnownFileType = text.xcconfig; name = "Pods-SNS.debug.xcconfig"; path = "Target Support Files/Pods-SNS/Pods-SNS.debug.xcconfig"; sourceTree = "<group>"; };
		DE3E7A29253441E700CD3761 /* Database.swift */ = {isa = PBXFileReference; lastKnownFileType = sourcecode.swift; name = Database.swift; path = /Users/terry/Desktop/Dev/WorkSpace/Xcode/SNS/SNS/Resource/Database.swift; sourceTree = "<absolute>"; };
		DE3E7A2B253442AC00CD3761 /* AuthManager.swift */ = {isa = PBXFileReference; lastKnownFileType = sourcecode.swift; path = AuthManager.swift; sourceTree = "<group>"; };
		DE3E7A2D253442FE00CD3761 /* StroageManger.swift */ = {isa = PBXFileReference; lastKnownFileType = sourcecode.swift; path = StroageManger.swift; sourceTree = "<group>"; };
		DE7E5F23253445A900748899 /* Extensions.swift */ = {isa = PBXFileReference; lastKnownFileType = sourcecode.swift; path = Extensions.swift; sourceTree = "<group>"; };
		DE804187253584ED004C7381 /* IGFeedPostTableViewCell.swift */ = {isa = PBXFileReference; lastKnownFileType = sourcecode.swift; path = IGFeedPostTableViewCell.swift; sourceTree = "<group>"; };
		DE80418A253585DC004C7381 /* IGFeedPostHeaderTableViewCell.swift */ = {isa = PBXFileReference; lastKnownFileType = sourcecode.swift; path = IGFeedPostHeaderTableViewCell.swift; sourceTree = "<group>"; };
		DE80418C25358608004C7381 /* IGFeedPostActionsTableViewCell.swift */ = {isa = PBXFileReference; lastKnownFileType = sourcecode.swift; path = IGFeedPostActionsTableViewCell.swift; sourceTree = "<group>"; };
		DE80418E2535862A004C7381 /* IGFeedPostGeneralTableViewCell.swift */ = {isa = PBXFileReference; lastKnownFileType = sourcecode.swift; path = IGFeedPostGeneralTableViewCell.swift; sourceTree = "<group>"; };
		DE8041902535E1A4004C7381 /* FormTableViewCell.swift */ = {isa = PBXFileReference; lastKnownFileType = sourcecode.swift; path = FormTableViewCell.swift; sourceTree = "<group>"; };
		DE8041932535E83A004C7381 /* PhotoCollectionViewCell.swift */ = {isa = PBXFileReference; lastKnownFileType = sourcecode.swift; name = PhotoCollectionViewCell.swift; path = SNS/View/Cells/PhotoCollectionViewCell.swift; sourceTree = SOURCE_ROOT; };
		DE8041952535E886004C7381 /* ProfileInfoHeaderCollectionReusableView.swift */ = {isa = PBXFileReference; lastKnownFileType = sourcecode.swift; path = ProfileInfoHeaderCollectionReusableView.swift; sourceTree = "<group>"; };
		DE8041972535E8A7004C7381 /* ProfileTabsCollectionReusableView.swift */ = {isa = PBXFileReference; lastKnownFileType = sourcecode.swift; path = ProfileTabsCollectionReusableView.swift; sourceTree = "<group>"; };
		DEE9C17A253432170030C0E7 /* SNS.app */ = {isa = PBXFileReference; explicitFileType = wrapper.application; includeInIndex = 0; path = SNS.app; sourceTree = BUILT_PRODUCTS_DIR; };
		DEE9C17D253432170030C0E7 /* AppDelegate.swift */ = {isa = PBXFileReference; lastKnownFileType = sourcecode.swift; path = AppDelegate.swift; sourceTree = "<group>"; };
		DEE9C17F253432170030C0E7 /* SceneDelegate.swift */ = {isa = PBXFileReference; lastKnownFileType = sourcecode.swift; path = SceneDelegate.swift; sourceTree = "<group>"; };
		DEE9C181253432170030C0E7 /* HomeViewController.swift */ = {isa = PBXFileReference; lastKnownFileType = sourcecode.swift; path = HomeViewController.swift; sourceTree = "<group>"; };
		DEE9C184253432170030C0E7 /* Base */ = {isa = PBXFileReference; lastKnownFileType = file.storyboard; name = Base; path = Base.lproj/Main.storyboard; sourceTree = "<group>"; };
		DEE9C186253432170030C0E7 /* Assets.xcassets */ = {isa = PBXFileReference; lastKnownFileType = folder.assetcatalog; path = Assets.xcassets; sourceTree = "<group>"; };
		DEE9C189253432170030C0E7 /* Base */ = {isa = PBXFileReference; lastKnownFileType = file.storyboard; name = Base; path = Base.lproj/LaunchScreen.storyboard; sourceTree = "<group>"; };
		DEE9C18B253432170030C0E7 /* Info.plist */ = {isa = PBXFileReference; lastKnownFileType = text.plist.xml; path = Info.plist; sourceTree = "<group>"; };
		DEE9C196253432BB0030C0E7 /* ExploreViewController.swift */ = {isa = PBXFileReference; lastKnownFileType = sourcecode.swift; path = ExploreViewController.swift; sourceTree = "<group>"; };
		DEE9C199253432E10030C0E7 /* CameraViewController.swift */ = {isa = PBXFileReference; lastKnownFileType = sourcecode.swift; path = CameraViewController.swift; sourceTree = "<group>"; };
		DEE9C19B253432FE0030C0E7 /* NotificationsViewController.swift */ = {isa = PBXFileReference; lastKnownFileType = sourcecode.swift; path = NotificationsViewController.swift; sourceTree = "<group>"; };
		DEE9C19D2534330F0030C0E7 /* ProfileViewController.swift */ = {isa = PBXFileReference; lastKnownFileType = sourcecode.swift; path = ProfileViewController.swift; sourceTree = "<group>"; };
		DEE9C1A2253433A50030C0E7 /* RegistrationViewController.swift */ = {isa = PBXFileReference; lastKnownFileType = sourcecode.swift; path = RegistrationViewController.swift; sourceTree = "<group>"; };
		DEE9C1A4253433D20030C0E7 /* PostViewController.swift */ = {isa = PBXFileReference; lastKnownFileType = sourcecode.swift; path = PostViewController.swift; sourceTree = "<group>"; };
		DEE9C1A6253433F60030C0E7 /* EditProfileViewController.swift */ = {isa = PBXFileReference; lastKnownFileType = sourcecode.swift; path = EditProfileViewController.swift; sourceTree = "<group>"; };
		DEE9C1A8253434000030C0E7 /* SettingViewController.swift */ = {isa = PBXFileReference; lastKnownFileType = sourcecode.swift; path = SettingViewController.swift; sourceTree = "<group>"; };
		DEE9C1AA2534340D0030C0E7 /* ListViewController.swift */ = {isa = PBXFileReference; lastKnownFileType = sourcecode.swift; path = ListViewController.swift; sourceTree = "<group>"; };
		DEE9C1AC2534341C0030C0E7 /* SearchViewController.swift */ = {isa = PBXFileReference; lastKnownFileType = sourcecode.swift; path = SearchViewController.swift; sourceTree = "<group>"; };
		DEE9C1AE253434300030C0E7 /* SearchResultViewController.swift */ = {isa = PBXFileReference; lastKnownFileType = sourcecode.swift; path = SearchResultViewController.swift; sourceTree = "<group>"; };
		DEE9C1B0253434510030C0E7 /* PostEditorViewController.swift */ = {isa = PBXFileReference; lastKnownFileType = sourcecode.swift; path = PostEditorViewController.swift; sourceTree = "<group>"; };
		DEE9C1B2253434620030C0E7 /* PublishPostViewController.swift */ = {isa = PBXFileReference; lastKnownFileType = sourcecode.swift; path = PublishPostViewController.swift; sourceTree = "<group>"; };
		DEE9C1B425343F120030C0E7 /* GoogleService-Info.plist */ = {isa = PBXFileReference; fileEncoding = 4; lastKnownFileType = text.plist.xml; path = "GoogleService-Info.plist"; sourceTree = "<group>"; };
		DEEBADA32534405900D8A533 /* LoginViewController.swift */ = {isa = PBXFileReference; lastKnownFileType = sourcecode.swift; path = LoginViewController.swift; sourceTree = "<group>"; };
/* End PBXFileReference section */

/* Begin PBXFrameworksBuildPhase section */
		DEE9C177253432170030C0E7 /* Frameworks */ = {
			isa = PBXFrameworksBuildPhase;
			buildActionMask = 2147483647;
			files = (
				5F48B5D964D75D321F086872 /* Pods_SNS.framework in Frameworks */,
			);
			runOnlyForDeploymentPostprocessing = 0;
		};
/* End PBXFrameworksBuildPhase section */

/* Begin PBXGroup section */
		ACF98D4AFAFF871BDAB18281 /* Frameworks */ = {
			isa = PBXGroup;
			children = (
				6047FE320AD6C91169C3F5F7 /* Pods_SNS.framework */,
			);
			name = Frameworks;
			sourceTree = "<group>";
		};
		CC5AAC05E41690611FD95644 /* Pods */ = {
			isa = PBXGroup;
			children = (
				C984D0059433B85623D62957 /* Pods-SNS.debug.xcconfig */,
				98749884D54F7D0764CFEEA1 /* Pods-SNS.release.xcconfig */,
			);
			path = Pods;
			sourceTree = "<group>";
		};
		DE804186253584CB004C7381 /* Cells */ = {
			isa = PBXGroup;
			children = (
				DE804189253585C5004C7381 /* HomeFeed */,
				DE8041902535E1A4004C7381 /* FormTableViewCell.swift */,
				DE8041932535E83A004C7381 /* PhotoCollectionViewCell.swift */,
			);
			path = Cells;
			sourceTree = "<group>";
		};
		DE804189253585C5004C7381 /* HomeFeed */ = {
			isa = PBXGroup;
			children = (
				DE804187253584ED004C7381 /* IGFeedPostTableViewCell.swift */,
				DE80418A253585DC004C7381 /* IGFeedPostHeaderTableViewCell.swift */,
				DE80418C25358608004C7381 /* IGFeedPostActionsTableViewCell.swift */,
				DE80418E2535862A004C7381 /* IGFeedPostGeneralTableViewCell.swift */,
			);
			path = HomeFeed;
			sourceTree = "<group>";
		};
		DE8041922535E7FA004C7381 /* CollectionVeiwHeaders */ = {
			isa = PBXGroup;
			children = (
				DE8041952535E886004C7381 /* ProfileInfoHeaderCollectionReusableView.swift */,
				DE8041972535E8A7004C7381 /* ProfileTabsCollectionReusableView.swift */,
			);
			path = CollectionVeiwHeaders;
			sourceTree = "<group>";
		};
		DEE9C171253432170030C0E7 = {
			isa = PBXGroup;
			children = (
				DEE9C17C253432170030C0E7 /* SNS */,
				DEE9C17B253432170030C0E7 /* Products */,
				CC5AAC05E41690611FD95644 /* Pods */,
				ACF98D4AFAFF871BDAB18281 /* Frameworks */,
			);
			sourceTree = "<group>";
		};
		DEE9C17B253432170030C0E7 /* Products */ = {
			isa = PBXGroup;
			children = (
				DEE9C17A253432170030C0E7 /* SNS.app */,
			);
			name = Products;
			sourceTree = "<group>";
		};
		DEE9C17C253432170030C0E7 /* SNS */ = {
			isa = PBXGroup;
			children = (
				DEE9C194253432340030C0E7 /* Resource */,
				DEE9C1932534322D0030C0E7 /* View */,
				DEE9C192253432250030C0E7 /* Model */,
				DEE9C1912534321D0030C0E7 /* Controller */,
				DEE9C18B253432170030C0E7 /* Info.plist */,
				DEE9C1B425343F120030C0E7 /* GoogleService-Info.plist */,
			);
			path = SNS;
			sourceTree = "<group>";
		};
		DEE9C1912534321D0030C0E7 /* Controller */ = {
			isa = PBXGroup;
			children = (
				DEE9C1A0253433820030C0E7 /* Other */,
				DEE9C19F2534333B0030C0E7 /* coreTabs */,
			);
			path = Controller;
			sourceTree = "<group>";
		};
		DEE9C192253432250030C0E7 /* Model */ = {
			isa = PBXGroup;
			children = (
			);
			path = Model;
			sourceTree = "<group>";
		};
		DEE9C1932534322D0030C0E7 /* View */ = {
			isa = PBXGroup;
			children = (
				DE8041922535E7FA004C7381 /* CollectionVeiwHeaders */,
				DE804186253584CB004C7381 /* Cells */,
				DEE9C195253432500030C0E7 /* storyboard */,
				DEE9C186253432170030C0E7 /* Assets.xcassets */,
			);
			path = View;
			sourceTree = "<group>";
		};
		DEE9C194253432340030C0E7 /* Resource */ = {
			isa = PBXGroup;
			children = (
				DE3E7A29253441E700CD3761 /* Database.swift */,
				DE7E5F23253445A900748899 /* Extensions.swift */,
				DE3E7A2B253442AC00CD3761 /* AuthManager.swift */,
				DE3E7A2D253442FE00CD3761 /* StroageManger.swift */,
				DEE9C17D253432170030C0E7 /* AppDelegate.swift */,
				DEE9C17F253432170030C0E7 /* SceneDelegate.swift */,
			);
			path = Resource;
			sourceTree = "<group>";
		};
		DEE9C195253432500030C0E7 /* storyboard */ = {
			isa = PBXGroup;
			children = (
				DEE9C183253432170030C0E7 /* Main.storyboard */,
				DEE9C188253432170030C0E7 /* LaunchScreen.storyboard */,
			);
			path = storyboard;
			sourceTree = "<group>";
		};
		DEE9C19F2534333B0030C0E7 /* coreTabs */ = {
			isa = PBXGroup;
			children = (
				DEE9C181253432170030C0E7 /* HomeViewController.swift */,
				DEE9C196253432BB0030C0E7 /* ExploreViewController.swift */,
				DEE9C199253432E10030C0E7 /* CameraViewController.swift */,
				DEE9C19B253432FE0030C0E7 /* NotificationsViewController.swift */,
				DEE9C19D2534330F0030C0E7 /* ProfileViewController.swift */,
			);
			path = coreTabs;
			sourceTree = "<group>";
		};
		DEE9C1A0253433820030C0E7 /* Other */ = {
			isa = PBXGroup;
			children = (
				DEE9C1A12534338E0030C0E7 /* Onboarding */,
				DEEBADA52534413A00D8A533 /* General */,
			);
			path = Other;
			sourceTree = "<group>";
		};
		DEE9C1A12534338E0030C0E7 /* Onboarding */ = {
			isa = PBXGroup;
			children = (
				DEE9C1A2253433A50030C0E7 /* RegistrationViewController.swift */,
				DEEBADA32534405900D8A533 /* LoginViewController.swift */,
			);
			path = Onboarding;
			sourceTree = "<group>";
		};
		DEEBADA52534413A00D8A533 /* General */ = {
			isa = PBXGroup;
			children = (
				DEE9C1A4253433D20030C0E7 /* PostViewController.swift */,
				DEE9C1A6253433F60030C0E7 /* EditProfileViewController.swift */,
				DEE9C1A8253434000030C0E7 /* SettingViewController.swift */,
				DEE9C1AA2534340D0030C0E7 /* ListViewController.swift */,
				DEE9C1AC2534341C0030C0E7 /* SearchViewController.swift */,
				DEE9C1AE253434300030C0E7 /* SearchResultViewController.swift */,
				DEE9C1B0253434510030C0E7 /* PostEditorViewController.swift */,
				DEE9C1B2253434620030C0E7 /* PublishPostViewController.swift */,
			);
			path = General;
			sourceTree = "<group>";
		};
/* End PBXGroup section */

/* Begin PBXNativeTarget section */
		DEE9C179253432170030C0E7 /* SNS */ = {
			isa = PBXNativeTarget;
			buildConfigurationList = DEE9C18E253432170030C0E7 /* Build configuration list for PBXNativeTarget "SNS" */;
			buildPhases = (
				407F223DA4A84922999917E3 /* [CP] Check Pods Manifest.lock */,
				DEE9C176253432170030C0E7 /* Sources */,
				DEE9C177253432170030C0E7 /* Frameworks */,
				DEE9C178253432170030C0E7 /* Resources */,
				8F043BFCD038FC0977F3CAA0 /* [CP] Embed Pods Frameworks */,
			);
			buildRules = (
			);
			dependencies = (
			);
			name = SNS;
			productName = SNS;
			productReference = DEE9C17A253432170030C0E7 /* SNS.app */;
			productType = "com.apple.product-type.application";
		};
/* End PBXNativeTarget section */

/* Begin PBXProject section */
		DEE9C172253432170030C0E7 /* Project object */ = {
			isa = PBXProject;
			attributes = {
				LastSwiftUpdateCheck = 1170;
				LastUpgradeCheck = 1170;
				ORGANIZATIONNAME = Terry;
				TargetAttributes = {
					DEE9C179253432170030C0E7 = {
						CreatedOnToolsVersion = 11.7;
					};
				};
			};
			buildConfigurationList = DEE9C175253432170030C0E7 /* Build configuration list for PBXProject "SNS" */;
			compatibilityVersion = "Xcode 9.3";
			developmentRegion = en;
			hasScannedForEncodings = 0;
			knownRegions = (
				en,
				Base,
			);
			mainGroup = DEE9C171253432170030C0E7;
			productRefGroup = DEE9C17B253432170030C0E7 /* Products */;
			projectDirPath = "";
			projectRoot = "";
			targets = (
				DEE9C179253432170030C0E7 /* SNS */,
			);
		};
/* End PBXProject section */

/* Begin PBXResourcesBuildPhase section */
		DEE9C178253432170030C0E7 /* Resources */ = {
			isa = PBXResourcesBuildPhase;
			buildActionMask = 2147483647;
			files = (
				DEE9C18A253432170030C0E7 /* LaunchScreen.storyboard in Resources */,
				DEE9C1B525343F120030C0E7 /* GoogleService-Info.plist in Resources */,
				DEE9C187253432170030C0E7 /* Assets.xcassets in Resources */,
				DEE9C185253432170030C0E7 /* Main.storyboard in Resources */,
			);
			runOnlyForDeploymentPostprocessing = 0;
		};
/* End PBXResourcesBuildPhase section */

/* Begin PBXShellScriptBuildPhase section */
		407F223DA4A84922999917E3 /* [CP] Check Pods Manifest.lock */ = {
			isa = PBXShellScriptBuildPhase;
			buildActionMask = 2147483647;
			files = (
			);
			inputFileListPaths = (
			);
			inputPaths = (
				"${PODS_PODFILE_DIR_PATH}/Podfile.lock",
				"${PODS_ROOT}/Manifest.lock",
			);
			name = "[CP] Check Pods Manifest.lock";
			outputFileListPaths = (
			);
			outputPaths = (
				"$(DERIVED_FILE_DIR)/Pods-SNS-checkManifestLockResult.txt",
			);
			runOnlyForDeploymentPostprocessing = 0;
			shellPath = /bin/sh;
			shellScript = "diff \"${PODS_PODFILE_DIR_PATH}/Podfile.lock\" \"${PODS_ROOT}/Manifest.lock\" > /dev/null\nif [ $? != 0 ] ; then\n    # print error to STDERR\n    echo \"error: The sandbox is not in sync with the Podfile.lock. Run 'pod install' or update your CocoaPods installation.\" >&2\n    exit 1\nfi\n# This output is used by Xcode 'outputs' to avoid re-running this script phase.\necho \"SUCCESS\" > \"${SCRIPT_OUTPUT_FILE_0}\"\n";
			showEnvVarsInLog = 0;
		};
		8F043BFCD038FC0977F3CAA0 /* [CP] Embed Pods Frameworks */ = {
			isa = PBXShellScriptBuildPhase;
			buildActionMask = 2147483647;
			files = (
			);
			inputFileListPaths = (
				"${PODS_ROOT}/Target Support Files/Pods-SNS/Pods-SNS-frameworks-${CONFIGURATION}-input-files.xcfilelist",
			);
			name = "[CP] Embed Pods Frameworks";
			outputFileListPaths = (
				"${PODS_ROOT}/Target Support Files/Pods-SNS/Pods-SNS-frameworks-${CONFIGURATION}-output-files.xcfilelist",
			);
			runOnlyForDeploymentPostprocessing = 0;
			shellPath = /bin/sh;
			shellScript = "\"${PODS_ROOT}/Target Support Files/Pods-SNS/Pods-SNS-frameworks.sh\"\n";
			showEnvVarsInLog = 0;
		};
/* End PBXShellScriptBuildPhase section */

/* Begin PBXSourcesBuildPhase section */
		DEE9C176253432170030C0E7 /* Sources */ = {
			isa = PBXSourcesBuildPhase;
			buildActionMask = 2147483647;
			files = (
				DEE9C1A5253433D20030C0E7 /* PostViewController.swift in Sources */,
				DEE9C1A9253434000030C0E7 /* SettingViewController.swift in Sources */,
				DEE9C1AB2534340D0030C0E7 /* ListViewController.swift in Sources */,
				DEE9C197253432BB0030C0E7 /* ExploreViewController.swift in Sources */,
				DEE9C19A253432E10030C0E7 /* CameraViewController.swift in Sources */,
				DEE9C1A3253433A50030C0E7 /* RegistrationViewController.swift in Sources */,
				DE80418B253585DC004C7381 /* IGFeedPostHeaderTableViewCell.swift in Sources */,
				DE3E7A2A253441E700CD3761 /* Database.swift in Sources */,
				DEE9C1B3253434620030C0E7 /* PublishPostViewController.swift in Sources */,
				DE8041912535E1A4004C7381 /* FormTableViewCell.swift in Sources */,
				DEE9C182253432170030C0E7 /* HomeViewController.swift in Sources */,
				DE8041982535E8A7004C7381 /* ProfileTabsCollectionReusableView.swift in Sources */,
				DE3E7A2E253442FE00CD3761 /* StroageManger.swift in Sources */,
				DEE9C19C253432FE0030C0E7 /* NotificationsViewController.swift in Sources */,
				DE804188253584ED004C7381 /* IGFeedPostTableViewCell.swift in Sources */,
				DE8041942535E83A004C7381 /* PhotoCollectionViewCell.swift in Sources */,
				DEE9C1AF253434300030C0E7 /* SearchResultViewController.swift in Sources */,
				DEE9C1AD2534341C0030C0E7 /* SearchViewController.swift in Sources */,
				DE7E5F24253445A900748899 /* Extensions.swift in Sources */,
				DE80418F2535862A004C7381 /* IGFeedPostGeneralTableViewCell.swift in Sources */,
				DEE9C19E2534330F0030C0E7 /* ProfileViewController.swift in Sources */,
				DE8041962535E886004C7381 /* ProfileInfoHeaderCollectionReusableView.swift in Sources */,
				DEE9C1B1253434510030C0E7 /* PostEditorViewController.swift in Sources */,
				DE3E7A2C253442AC00CD3761 /* AuthManager.swift in Sources */,
				DEEBADA42534405900D8A533 /* LoginViewController.swift in Sources */,
				DEE9C17E253432170030C0E7 /* AppDelegate.swift in Sources */,
				DE80418D25358608004C7381 /* IGFeedPostActionsTableViewCell.swift in Sources */,
				DEE9C1A7253433F60030C0E7 /* EditProfileViewController.swift in Sources */,
				DEE9C180253432170030C0E7 /* SceneDelegate.swift in Sources */,
			);
			runOnlyForDeploymentPostprocessing = 0;
		};
/* End PBXSourcesBuildPhase section */

/* Begin PBXVariantGroup section */
		DEE9C183253432170030C0E7 /* Main.storyboard */ = {
			isa = PBXVariantGroup;
			children = (
				DEE9C184253432170030C0E7 /* Base */,
			);
			name = Main.storyboard;
			sourceTree = "<group>";
		};
		DEE9C188253432170030C0E7 /* LaunchScreen.storyboard */ = {
			isa = PBXVariantGroup;
			children = (
				DEE9C189253432170030C0E7 /* Base */,
			);
			name = LaunchScreen.storyboard;
			sourceTree = "<group>";
		};
/* End PBXVariantGroup section */

/* Begin XCBuildConfiguration section */
		DEE9C18C253432170030C0E7 /* Debug */ = {
			isa = XCBuildConfiguration;
			buildSettings = {
				ALWAYS_SEARCH_USER_PATHS = NO;
				CLANG_ANALYZER_NONNULL = YES;
				CLANG_ANALYZER_NUMBER_OBJECT_CONVERSION = YES_AGGRESSIVE;
				CLANG_CXX_LANGUAGE_STANDARD = "gnu++14";
				CLANG_CXX_LIBRARY = "libc++";
				CLANG_ENABLE_MODULES = YES;
				CLANG_ENABLE_OBJC_ARC = YES;
				CLANG_ENABLE_OBJC_WEAK = YES;
				CLANG_WARN_BLOCK_CAPTURE_AUTORELEASING = YES;
				CLANG_WARN_BOOL_CONVERSION = YES;
				CLANG_WARN_COMMA = YES;
				CLANG_WARN_CONSTANT_CONVERSION = YES;
				CLANG_WARN_DEPRECATED_OBJC_IMPLEMENTATIONS = YES;
				CLANG_WARN_DIRECT_OBJC_ISA_USAGE = YES_ERROR;
				CLANG_WARN_DOCUMENTATION_COMMENTS = YES;
				CLANG_WARN_EMPTY_BODY = YES;
				CLANG_WARN_ENUM_CONVERSION = YES;
				CLANG_WARN_INFINITE_RECURSION = YES;
				CLANG_WARN_INT_CONVERSION = YES;
				CLANG_WARN_NON_LITERAL_NULL_CONVERSION = YES;
				CLANG_WARN_OBJC_IMPLICIT_RETAIN_SELF = YES;
				CLANG_WARN_OBJC_LITERAL_CONVERSION = YES;
				CLANG_WARN_OBJC_ROOT_CLASS = YES_ERROR;
				CLANG_WARN_RANGE_LOOP_ANALYSIS = YES;
				CLANG_WARN_STRICT_PROTOTYPES = YES;
				CLANG_WARN_SUSPICIOUS_MOVE = YES;
				CLANG_WARN_UNGUARDED_AVAILABILITY = YES_AGGRESSIVE;
				CLANG_WARN_UNREACHABLE_CODE = YES;
				CLANG_WARN__DUPLICATE_METHOD_MATCH = YES;
				COPY_PHASE_STRIP = NO;
				DEBUG_INFORMATION_FORMAT = dwarf;
				ENABLE_STRICT_OBJC_MSGSEND = YES;
				ENABLE_TESTABILITY = YES;
				GCC_C_LANGUAGE_STANDARD = gnu11;
				GCC_DYNAMIC_NO_PIC = NO;
				GCC_NO_COMMON_BLOCKS = YES;
				GCC_OPTIMIZATION_LEVEL = 0;
				GCC_PREPROCESSOR_DEFINITIONS = (
					"DEBUG=1",
					"$(inherited)",
				);
				GCC_WARN_64_TO_32_BIT_CONVERSION = YES;
				GCC_WARN_ABOUT_RETURN_TYPE = YES_ERROR;
				GCC_WARN_UNDECLARED_SELECTOR = YES;
				GCC_WARN_UNINITIALIZED_AUTOS = YES_AGGRESSIVE;
				GCC_WARN_UNUSED_FUNCTION = YES;
				GCC_WARN_UNUSED_VARIABLE = YES;
				IPHONEOS_DEPLOYMENT_TARGET = 13.7;
				MTL_ENABLE_DEBUG_INFO = INCLUDE_SOURCE;
				MTL_FAST_MATH = YES;
				ONLY_ACTIVE_ARCH = YES;
				SDKROOT = iphoneos;
				SWIFT_ACTIVE_COMPILATION_CONDITIONS = DEBUG;
				SWIFT_OPTIMIZATION_LEVEL = "-Onone";
			};
			name = Debug;
		};
		DEE9C18D253432170030C0E7 /* Release */ = {
			isa = XCBuildConfiguration;
			buildSettings = {
				ALWAYS_SEARCH_USER_PATHS = NO;
				CLANG_ANALYZER_NONNULL = YES;
				CLANG_ANALYZER_NUMBER_OBJECT_CONVERSION = YES_AGGRESSIVE;
				CLANG_CXX_LANGUAGE_STANDARD = "gnu++14";
				CLANG_CXX_LIBRARY = "libc++";
				CLANG_ENABLE_MODULES = YES;
				CLANG_ENABLE_OBJC_ARC = YES;
				CLANG_ENABLE_OBJC_WEAK = YES;
				CLANG_WARN_BLOCK_CAPTURE_AUTORELEASING = YES;
				CLANG_WARN_BOOL_CONVERSION = YES;
				CLANG_WARN_COMMA = YES;
				CLANG_WARN_CONSTANT_CONVERSION = YES;
				CLANG_WARN_DEPRECATED_OBJC_IMPLEMENTATIONS = YES;
				CLANG_WARN_DIRECT_OBJC_ISA_USAGE = YES_ERROR;
				CLANG_WARN_DOCUMENTATION_COMMENTS = YES;
				CLANG_WARN_EMPTY_BODY = YES;
				CLANG_WARN_ENUM_CONVERSION = YES;
				CLANG_WARN_INFINITE_RECURSION = YES;
				CLANG_WARN_INT_CONVERSION = YES;
				CLANG_WARN_NON_LITERAL_NULL_CONVERSION = YES;
				CLANG_WARN_OBJC_IMPLICIT_RETAIN_SELF = YES;
				CLANG_WARN_OBJC_LITERAL_CONVERSION = YES;
				CLANG_WARN_OBJC_ROOT_CLASS = YES_ERROR;
				CLANG_WARN_RANGE_LOOP_ANALYSIS = YES;
				CLANG_WARN_STRICT_PROTOTYPES = YES;
				CLANG_WARN_SUSPICIOUS_MOVE = YES;
				CLANG_WARN_UNGUARDED_AVAILABILITY = YES_AGGRESSIVE;
				CLANG_WARN_UNREACHABLE_CODE = YES;
				CLANG_WARN__DUPLICATE_METHOD_MATCH = YES;
				COPY_PHASE_STRIP = NO;
				DEBUG_INFORMATION_FORMAT = "dwarf-with-dsym";
				ENABLE_NS_ASSERTIONS = NO;
				ENABLE_STRICT_OBJC_MSGSEND = YES;
				GCC_C_LANGUAGE_STANDARD = gnu11;
				GCC_NO_COMMON_BLOCKS = YES;
				GCC_WARN_64_TO_32_BIT_CONVERSION = YES;
				GCC_WARN_ABOUT_RETURN_TYPE = YES_ERROR;
				GCC_WARN_UNDECLARED_SELECTOR = YES;
				GCC_WARN_UNINITIALIZED_AUTOS = YES_AGGRESSIVE;
				GCC_WARN_UNUSED_FUNCTION = YES;
				GCC_WARN_UNUSED_VARIABLE = YES;
				IPHONEOS_DEPLOYMENT_TARGET = 13.7;
				MTL_ENABLE_DEBUG_INFO = NO;
				MTL_FAST_MATH = YES;
				SDKROOT = iphoneos;
				SWIFT_COMPILATION_MODE = wholemodule;
				SWIFT_OPTIMIZATION_LEVEL = "-O";
				VALIDATE_PRODUCT = YES;
			};
			name = Release;
		};
		DEE9C18F253432170030C0E7 /* Debug */ = {
			isa = XCBuildConfiguration;
			baseConfigurationReference = C984D0059433B85623D62957 /* Pods-SNS.debug.xcconfig */;
			buildSettings = {
				ASSETCATALOG_COMPILER_APPICON_NAME = AppIcon;
				CODE_SIGN_STYLE = Automatic;
				DEVELOPMENT_TEAM = J74H985T9L;
				INFOPLIST_FILE = SNS/Info.plist;
				LD_RUNPATH_SEARCH_PATHS = (
					"$(inherited)",
					"@executable_path/Frameworks",
				);
				PRODUCT_BUNDLE_IDENTIFIER = com.terry.SNS;
				PRODUCT_NAME = "$(TARGET_NAME)";
				SWIFT_VERSION = 5.0;
				TARGETED_DEVICE_FAMILY = "1,2";
			};
			name = Debug;
		};
		DEE9C190253432170030C0E7 /* Release */ = {
			isa = XCBuildConfiguration;
			baseConfigurationReference = 98749884D54F7D0764CFEEA1 /* Pods-SNS.release.xcconfig */;
			buildSettings = {
				ASSETCATALOG_COMPILER_APPICON_NAME = AppIcon;
				CODE_SIGN_STYLE = Automatic;
				DEVELOPMENT_TEAM = J74H985T9L;
				INFOPLIST_FILE = SNS/Info.plist;
				LD_RUNPATH_SEARCH_PATHS = (
					"$(inherited)",
					"@executable_path/Frameworks",
				);
				PRODUCT_BUNDLE_IDENTIFIER = com.terry.SNS;
				PRODUCT_NAME = "$(TARGET_NAME)";
				SWIFT_VERSION = 5.0;
				TARGETED_DEVICE_FAMILY = "1,2";
			};
			name = Release;
		};
/* End XCBuildConfiguration section */

/* Begin XCConfigurationList section */
		DEE9C175253432170030C0E7 /* Build configuration list for PBXProject "SNS" */ = {
			isa = XCConfigurationList;
			buildConfigurations = (
				DEE9C18C253432170030C0E7 /* Debug */,
				DEE9C18D253432170030C0E7 /* Release */,
			);
			defaultConfigurationIsVisible = 0;
			defaultConfigurationName = Release;
		};
		DEE9C18E253432170030C0E7 /* Build configuration list for PBXNativeTarget "SNS" */ = {
			isa = XCConfigurationList;
			buildConfigurations = (
				DEE9C18F253432170030C0E7 /* Debug */,
				DEE9C190253432170030C0E7 /* Release */,
			);
			defaultConfigurationIsVisible = 0;
			defaultConfigurationName = Release;
		};
/* End XCConfigurationList section */
	};
	rootObject = DEE9C172253432170030C0E7 /* Project object */;
}
